
Microsoft Visual Studio Solution File, Format Version 12.00
# Visual Studio Version 17
VisualStudioVersion = 17.7.34221.43
MinimumVisualStudioVersion = 10.0.40219.1
Project("{9A19103F-16F7-4668-BE54-9A1E7A4F7556}") = "DataAccessLayer", "DataAccessLayer\DataAccessLayer.csproj", "{B5D6D91C-E170-44DF-99B7-0E9385A78C09}"
EndProject
Project("{9A19103F-16F7-4668-BE54-9A1E7A4F7556}") = "ModelLayer", "ModelLayer\ModelLayer.csproj", "{DEA97FCC-45BD-42E5-8F8C-CD766A31745F}"
EndProject
Project("{9A19103F-16F7-4668-BE54-9A1E7A4F7556}") = "Presentation", "Presentation\Presentation.csproj", "{F19E1E1C-565D-4FBE-B9DF-4ADF20147051}"
EndProject
Global
	GlobalSection(SolutionConfigurationPlatforms) = preSolution
		Debug|Any CPU = Debug|Any CPU
		Release|Any CPU = Release|Any CPU
	EndGlobalSection
	GlobalSection(ProjectConfigurationPlatforms) = postSolution
		{B5D6D91C-E170-44DF-99B7-0E9385A78C09}.Debug|Any CPU.ActiveCfg = Debug|Any CPU
		{B5D6D91C-E170-44DF-99B7-0E9385A78C09}.Debug|Any CPU.Build.0 = Debug|Any CPU
		{B5D6D91C-E170-44DF-99B7-0E9385A78C09}.Release|Any CPU.ActiveCfg = Release|Any CPU
		{B5D6D91C-E170-44DF-99B7-0E9385A78C09}.Release|Any CPU.Build.0 = Release|Any CPU
		{DEA97FCC-45BD-42E5-8F8C-CD766A31745F}.Debug|Any CPU.ActiveCfg = Debug|Any CPU
		{DEA97FCC-45BD-42E5-8F8C-CD766A31745F}.Debug|Any CPU.Build.0 = Debug|Any CPU
		{DEA97FCC-45BD-42E5-8F8C-CD766A31745F}.Release|Any CPU.ActiveCfg = Release|Any CPU
		{DEA97FCC-45BD-42E5-8F8C-CD766A31745F}.Release|Any CPU.Build.0 = Release|Any CPU
		{F19E1E1C-565D-4FBE-B9DF-4ADF20147051}.Debug|Any CPU.ActiveCfg = Debug|Any CPU
		{F19E1E1C-565D-4FBE-B9DF-4ADF20147051}.Debug|Any CPU.Build.0 = Debug|Any CPU
		{F19E1E1C-565D-4FBE-B9DF-4ADF20147051}.Release|Any CPU.ActiveCfg = Release|Any CPU
		{F19E1E1C-565D-4FBE-B9DF-4ADF20147051}.Release|Any CPU.Build.0 = Release|Any CPU
	EndGlobalSection
	GlobalSection(SolutionProperties) = preSolution
		HideSolutionNode = FALSE
	EndGlobalSection
	GlobalSection(ExtensibilityGlobals) = postSolution
		SolutionGuid = {24AAB9AA-9258-4690-849F-0DA875FAFECB}
	EndGlobalSection
EndGlobal
